{
  "lockfileVersion": 1,
  "workspaces": {
    "": {
      "name": "amp",
      "dependencies": {
        "@ampcode/cli": "0.0.1781102632-gaaab69",
        "@babel/parser": "^7.29.3",
        "@babel/types": "^7.29.0",
      },
      "devDependencies": {
        "@types/bun": "latest",
      },
      "peerDependencies": {
        "typescript": "^5",
      },
    },
  },
  "packages": {
    "@ampcode/cli": ["@ampcode/cli@0.0.1781102632-gaaab69", "", { "optionalDependencies": { "@ampcode/cli-darwin-arm64": "0.0.1781102632-gaaab69", "@ampcode/cli-darwin-x64": "0.0.1781102632-gaaab69", "@ampcode/cli-linux-arm64": "0.0.1781102632-gaaab69", "@ampcode/cli-linux-x64": "0.0.1781102632-gaaab69", "@ampcode/cli-win32-x64": "0.0.1781102632-gaaab69" }, "bin": { "amp": "bin/amp.exe" } }, "sha512-smAPY+kwkuaindyYY+ft8xja4Nf4AzACZ4a8Y4ShBKapM9Z4aHBbqrG4N+pxJIOhwOY0qigAxwiSoHeXRmBaJw=="],

    "@ampcode/cli-darwin-arm64": ["@ampcode/cli-darwin-arm64@0.0.1781102632-gaaab69", "", { "os": "darwin", "cpu": "arm64" }, "sha512-c5wos9ju//rrwTCIkVT7I0kPdnbnDr0kFHJnM0hIPLJIj/BSi5xvje9hdHOW+/korziZGu4KsfISsqUEWAaktw=="],

    "@ampcode/cli-darwin-x64": ["@ampcode/cli-darwin-x64@0.0.1781102632-gaaab69", "", { "os": "darwin", "cpu": "x64" }, "sha512-dSIhBf4Z/EUZTpmyPBrl91IiQYlfkSgQpPOuwrUE5DSNPhL/6VgKHAIBUJkLsPKgC39EFFLUP5s6mGO1WtfOmg=="],

    "@ampcode/cli-linux-arm64": ["@ampcode/cli-linux-arm64@0.0.1781102632-gaaab69", "", { "os": "linux", "cpu": "arm64" }, "sha512-QbsTwan90RWWr2JOdS2HbCQ835dWbFKic+uzktAgcfiWuxCvKB93SMPX27heLbjkoMnYAcLfzalv9OU9A6rcPQ=="],

    "@ampcode/cli-linux-x64": ["@ampcode/cli-linux-x64@0.0.1781102632-gaaab69", "", { "os": "linux", "cpu": "x64" }, "sha512-sDqwJNo2R1FKzqrHVZyTw8Cuy8AsPLERSoYxgcS+nTuinWU6rJqPDMZiAosyYjKyQwVYxuUzJJLdmcdW6l5EJA=="],

    "@ampcode/cli-win32-x64": ["@ampcode/cli-win32-x64@0.0.1781102632-gaaab69", "", { "os": "win32", "cpu": "x64" }, "sha512-U2+OqUNG6Z+Tko4xY9HTAoMVf2r+CJP/fj5Ge5xS96sbjhhe/mzGuZtwZ8TxebFaGtbWpl6WqJZn+fzQCBBJeQ=="],

    "@babel/helper-string-parser": ["@babel/helper-string-parser@7.27.1", "", {}, "sha512-qMlSxKbpRlAridDExk92nSobyDdpPijUq2DW6oDnUqd0iOGxmQjyqhMIihI9+zv4LPyZdRje2cavWPbCbWm3eA=="],

    "@babel/helper-validator-identifier": ["@babel/helper-validator-identifier@7.28.5", "", {}, "sha512-qSs4ifwzKJSV39ucNjsvc6WVHs6b7S03sOh2OcHF9UHfVPqWWALUsNUVzhSBiItjRZoLHx7nIarVjqKVusUZ1Q=="],

    "@babel/parser": ["@babel/parser@7.29.3", "", { "dependencies": { "@babel/types": "^7.29.0" }, "bin": "./bin/babel-parser.js" }, "sha512-b3ctpQwp+PROvU/cttc4OYl4MzfJUWy6FZg+PMXfzmt/+39iHVF0sDfqay8TQM3JA2EUOyKcFZt75jWriQijsA=="],

    "@babel/types": ["@babel/types@7.29.0", "", { "dependencies": { "@babel/helper-string-parser": "^7.27.1", "@babel/helper-validator-identifier": "^7.28.5" } }, "sha512-LwdZHpScM4Qz8Xw2iKSzS+cfglZzJGvofQICy7W7v4caru4EaAmyUuO6BGrbyQ2mYV11W0U8j5mBhd14dd3B0A=="],

    "@types/bun": ["@types/bun@1.3.13", "", { "dependencies": { "bun-types": "1.3.13" } }, "sha512-9fqXWk5YIHGGnUau9TEi+qdlTYDAnOj+xLCmSTwXfAIqXr2x4tytJb43E9uCvt09zJURKXwAtkoH4nLQfzeTXw=="],

    "@types/node": ["@types/node@25.6.0", "", { "dependencies": { "undici-types": "~7.19.0" } }, "sha512-+qIYRKdNYJwY3vRCZMdJbPLJAtGjQBudzZzdzwQYkEPQd+PJGixUL5QfvCLDaULoLv+RhT3LDkwEfKaAkgSmNQ=="],

    "bun-types": ["bun-types@1.3.13", "", { "dependencies": { "@types/node": "*" } }, "sha512-QXKeHLlOLqQX9LgYaHJfzdBaV21T63HhFJnvuRCcjZiaUDpbs5ED1MgxbMra71CsryN/1dAoXuJJJwIv/2drVA=="],

    "typescript": ["typescript@5.9.3", "", { "bin": { "tsc": "bin/tsc", "tsserver": "bin/tsserver" } }, "sha512-jl1vZzPDinLr9eUt3J/t7V6FgNEw9QjvBPdysz9KfQDD41fQrC2Y4vKQdiaUpFT4bXlb1RHhLpp8wtm6M5TgSw=="],

    "undici-types": ["undici-types@7.19.2", "", {}, "sha512-qYVnV5OEm2AW8cJMCpdV20CDyaN3g0AjDlOGf1OW4iaDEx8MwdtChUp4zu4H0VP3nDRF/8RKWH+IPp9uW0YGZg=="],
  }
}
