{
  "lockfileVersion": 1,
  "configVersion": 0,
  "workspaces": {
    "": {
      "name": "amp",
      "dependencies": {
        "@babel/parser": "^7.29.3",
        "@babel/types": "^7.29.0",
        "@sourcegraph/amp": "0.0.1779525469-ge68d87",
      },
      "devDependencies": {
        "@types/bun": "latest",
      },
      "peerDependencies": {
        "typescript": "^5",
      },
    },
  },
  "packages": {
    "@ampcode/cli": ["@ampcode/cli@0.0.1779525469-ge68d87", "", { "optionalDependencies": { "@ampcode/cli-darwin-arm64": "0.0.1779525469-ge68d87", "@ampcode/cli-darwin-x64": "0.0.1779525469-ge68d87", "@ampcode/cli-linux-arm64": "0.0.1779525469-ge68d87", "@ampcode/cli-linux-x64": "0.0.1779525469-ge68d87", "@ampcode/cli-win32-x64": "0.0.1779525469-ge68d87" }, "bin": { "amp": "bin/amp.exe" } }, "sha512-2LFzE6JzvLKgC54API306XKOO6FSKzVFR9J/ybeuJJbofIzjm/owRJKXFdFiE44PIyCrp96vQdtDKg2nVmn9uw=="],

    "@ampcode/cli-darwin-arm64": ["@ampcode/cli-darwin-arm64@0.0.1779525469-ge68d87", "", { "os": "darwin", "cpu": "arm64" }, "sha512-sQLnEE88t9+e09hBq6RGoGA+RyrO9PTeEq88aDOoPAJKUdu4vQKupXVRzgsu+CRrFR2C6Iu0niggvyG5zFnApw=="],

    "@ampcode/cli-darwin-x64": ["@ampcode/cli-darwin-x64@0.0.1779525469-ge68d87", "", { "os": "darwin", "cpu": "x64" }, "sha512-oCzvqancRzbbJh3C76Nfczrv/yXXgZorjXNa7/jYN/NUDmGo59smLV4kfTuYZcqcj2Vrg4jVS3KuRfMKjHKeEQ=="],

    "@ampcode/cli-linux-arm64": ["@ampcode/cli-linux-arm64@0.0.1779525469-ge68d87", "", { "os": "linux", "cpu": "arm64" }, "sha512-K5VtyJTNw1GlvzblQBLkgNeaz3DGlpKW+sxtdFy28hLThgZPxRQS5b0iwYvmrL8z27NVTM7lcUR3f8gz/LWdrA=="],

    "@ampcode/cli-linux-x64": ["@ampcode/cli-linux-x64@0.0.1779525469-ge68d87", "", { "os": "linux", "cpu": "x64" }, "sha512-3WymNntP9n6kCNoYUu4yS7krSEA97yUvOz4X6tpciS6EsH/b+nS4YOViQrFUjtMlVexDPv02495Xaqz8QT6HoA=="],

    "@ampcode/cli-win32-x64": ["@ampcode/cli-win32-x64@0.0.1779525469-ge68d87", "", { "os": "win32", "cpu": "x64" }, "sha512-T4G6fpDa7rhfB9NxyDnHNYPug3gvAqnrDCoSBWi7fZmA+SoJZp38HpSDUUPll5U3a8W2kESKiDyynBymkKBckw=="],

    "@babel/helper-string-parser": ["@babel/helper-string-parser@7.27.1", "", {}, "sha512-qMlSxKbpRlAridDExk92nSobyDdpPijUq2DW6oDnUqd0iOGxmQjyqhMIihI9+zv4LPyZdRje2cavWPbCbWm3eA=="],

    "@babel/helper-validator-identifier": ["@babel/helper-validator-identifier@7.28.5", "", {}, "sha512-qSs4ifwzKJSV39ucNjsvc6WVHs6b7S03sOh2OcHF9UHfVPqWWALUsNUVzhSBiItjRZoLHx7nIarVjqKVusUZ1Q=="],

    "@babel/parser": ["@babel/parser@7.29.3", "", { "dependencies": { "@babel/types": "^7.29.0" }, "bin": "./bin/babel-parser.js" }, "sha512-b3ctpQwp+PROvU/cttc4OYl4MzfJUWy6FZg+PMXfzmt/+39iHVF0sDfqay8TQM3JA2EUOyKcFZt75jWriQijsA=="],

    "@babel/types": ["@babel/types@7.29.0", "", { "dependencies": { "@babel/helper-string-parser": "^7.27.1", "@babel/helper-validator-identifier": "^7.28.5" } }, "sha512-LwdZHpScM4Qz8Xw2iKSzS+cfglZzJGvofQICy7W7v4caru4EaAmyUuO6BGrbyQ2mYV11W0U8j5mBhd14dd3B0A=="],

    "@sourcegraph/amp": ["@sourcegraph/amp@0.0.1779525469-ge68d87", "", { "dependencies": { "@ampcode/cli": "0.0.1779525469-ge68d87" }, "bin": { "amp": "node_modules/@ampcode/cli/bin/amp.exe" } }, "sha512-y0aedZKc2tw5AQ/VpWA/Mxx4vyCTMmvd/FdOzR+aa2vzy3Kh5GUUno4oON3yCF8hQaw+AFS0goj1n/yu8ldfSw=="],

    "@types/bun": ["@types/bun@1.3.13", "", { "dependencies": { "bun-types": "1.3.13" } }, "sha512-9fqXWk5YIHGGnUau9TEi+qdlTYDAnOj+xLCmSTwXfAIqXr2x4tytJb43E9uCvt09zJURKXwAtkoH4nLQfzeTXw=="],

    "@types/node": ["@types/node@25.6.0", "", { "dependencies": { "undici-types": "~7.19.0" } }, "sha512-+qIYRKdNYJwY3vRCZMdJbPLJAtGjQBudzZzdzwQYkEPQd+PJGixUL5QfvCLDaULoLv+RhT3LDkwEfKaAkgSmNQ=="],

    "bun-types": ["bun-types@1.3.13", "", { "dependencies": { "@types/node": "*" } }, "sha512-QXKeHLlOLqQX9LgYaHJfzdBaV21T63HhFJnvuRCcjZiaUDpbs5ED1MgxbMra71CsryN/1dAoXuJJJwIv/2drVA=="],

    "typescript": ["typescript@5.9.3", "", { "bin": { "tsc": "bin/tsc", "tsserver": "bin/tsserver" } }, "sha512-jl1vZzPDinLr9eUt3J/t7V6FgNEw9QjvBPdysz9KfQDD41fQrC2Y4vKQdiaUpFT4bXlb1RHhLpp8wtm6M5TgSw=="],

    "undici-types": ["undici-types@7.19.2", "", {}, "sha512-qYVnV5OEm2AW8cJMCpdV20CDyaN3g0AjDlOGf1OW4iaDEx8MwdtChUp4zu4H0VP3nDRF/8RKWH+IPp9uW0YGZg=="],
  }
}
